// !$*UTF8*$!
{
	archiveVersion = 1;
	classes = {
	};
	objectVersion = 50;
	objects = {

/* Begin PBXBuildFile section */
		634BE343243E08DA0017D5FA /* SearchMovieModel.swift in Sources */ = {isa = PBXBuildFile; fileRef = 634BE342243E08DA0017D5FA /* SearchMovieModel.swift */; };
		634BE348243E0F8C0017D5FA /* NetworkService.swift in Sources */ = {isa = PBXBuildFile; fileRef = 634BE347243E0F8C0017D5FA /* NetworkService.swift */; };
		634BE34B243E0FCA0017D5FA /* Constants.swift in Sources */ = {isa = PBXBuildFile; fileRef = 634BE34A243E0FCA0017D5FA /* Constants.swift */; };
		634BE34D243E1C080017D5FA /* Movie.swift in Sources */ = {isa = PBXBuildFile; fileRef = 634BE34C243E1C080017D5FA /* Movie.swift */; };
		638E02A4243E01DF0074229B /* AppDelegate.swift in Sources */ = {isa = PBXBuildFile; fileRef = 638E02A3243E01DF0074229B /* AppDelegate.swift */; };
		638E02A6243E01DF0074229B /* SceneDelegate.swift in Sources */ = {isa = PBXBuildFile; fileRef = 638E02A5243E01DF0074229B /* SceneDelegate.swift */; };
		638E02A8243E01DF0074229B /* SearchMovieViewController.swift in Sources */ = {isa = PBXBuildFile; fileRef = 638E02A7243E01DF0074229B /* SearchMovieViewController.swift */; };
		638E02AD243E01E00074229B /* Assets.xcassets in Resources */ = {isa = PBXBuildFile; fileRef = 638E02AC243E01E00074229B /* Assets.xcassets */; };
		638E02B0243E01E00074229B /* LaunchScreen.storyboard in Resources */ = {isa = PBXBuildFile; fileRef = 638E02AE243E01E00074229B /* LaunchScreen.storyboard */; };
/* End PBXBuildFile section */

/* Begin PBXFileReference section */
		634BE342243E08DA0017D5FA /* SearchMovieModel.swift */ = {isa = PBXFileReference; lastKnownFileType = sourcecode.swift; path = SearchMovieModel.swift; sourceTree = "<group>"; };
		634BE347243E0F8C0017D5FA /* NetworkService.swift */ = {isa = PBXFileReference; lastKnownFileType = sourcecode.swift; path = NetworkService.swift; sourceTree = "<group>"; };
		634BE34A243E0FCA0017D5FA /* Constants.swift */ = {isa = PBXFileReference; lastKnownFileType = sourcecode.swift; path = Constants.swift; sourceTree = "<group>"; };
		634BE34C243E1C080017D5FA /* Movie.swift */ = {isa = PBXFileReference; lastKnownFileType = sourcecode.swift; path = Movie.swift; sourceTree = "<group>"; };
		638E02A0243E01DF0074229B /* SearchTheMovie.app */ = {isa = PBXFileReference; explicitFileType = wrapper.application; includeInIndex = 0; path = SearchTheMovie.app; sourceTree = BUILT_PRODUCTS_DIR; };
		638E02A3243E01DF0074229B /* AppDelegate.swift */ = {isa = PBXFileReference; lastKnownFileType = sourcecode.swift; path = AppDelegate.swift; sourceTree = "<group>"; };
		638E02A5243E01DF0074229B /* SceneDelegate.swift */ = {isa = PBXFileReference; lastKnownFileType = sourcecode.swift; path = SceneDelegate.swift; sourceTree = "<group>"; };
		638E02A7243E01DF0074229B /* SearchMovieViewController.swift */ = {isa = PBXFileReference; lastKnownFileType = sourcecode.swift; path = SearchMovieViewController.swift; sourceTree = "<group>"; };
		638E02AC243E01E00074229B /* Assets.xcassets */ = {isa = PBXFileReference; lastKnownFileType = folder.assetcatalog; path = Assets.xcassets; sourceTree = "<group>"; };
		638E02AF243E01E00074229B /* Base */ = {isa = PBXFileReference; lastKnownFileType = file.storyboard; name = Base; path = Base.lproj/LaunchScreen.storyboard; sourceTree = "<group>"; };
		638E02B1243E01E00074229B /* Info.plist */ = {isa = PBXFileReference; lastKnownFileType = text.plist.xml; path = Info.plist; sourceTree = "<group>"; };
/* End PBXFileReference section */

/* Begin PBXFrameworksBuildPhase section */
		638E029D243E01DF0074229B /* Frameworks */ = {
			isa = PBXFrameworksBuildPhase;
			buildActionMask = 2147483647;
			files = (
			);
			runOnlyForDeploymentPostprocessing = 0;
		};
/* End PBXFrameworksBuildPhase section */

/* Begin PBXGroup section */
		634BE346243E0F7D0017D5FA /* Service */ = {
			isa = PBXGroup;
			children = (
				634BE347243E0F8C0017D5FA /* NetworkService.swift */,
			);
			path = Service;
			sourceTree = "<group>";
		};
		634BE349243E0FB50017D5FA /* Utils */ = {
			isa = PBXGroup;
			children = (
				634BE34A243E0FCA0017D5FA /* Constants.swift */,
			);
			path = Utils;
			sourceTree = "<group>";
		};
		638E0297243E01DF0074229B = {
			isa = PBXGroup;
			children = (
				638E02A2243E01DF0074229B /* SearchTheMovie */,
				638E02A1243E01DF0074229B /* Products */,
			);
			sourceTree = "<group>";
		};
		638E02A1243E01DF0074229B /* Products */ = {
			isa = PBXGroup;
			children = (
				638E02A0243E01DF0074229B /* SearchTheMovie.app */,
			);
			name = Products;
			sourceTree = "<group>";
		};
		638E02A2243E01DF0074229B /* SearchTheMovie */ = {
			isa = PBXGroup;
			children = (
				638E02A3243E01DF0074229B /* AppDelegate.swift */,
				638E02A5243E01DF0074229B /* SceneDelegate.swift */,
				638E02B7243E08310074229B /* Screens */,
				634BE349243E0FB50017D5FA /* Utils */,
				638E02AC243E01E00074229B /* Assets.xcassets */,
				638E02AE243E01E00074229B /* LaunchScreen.storyboard */,
				638E02B1243E01E00074229B /* Info.plist */,
			);
			path = SearchTheMovie;
			sourceTree = "<group>";
		};
		638E02B7243E08310074229B /* Screens */ = {
			isa = PBXGroup;
			children = (
				638E02B9243E083B0074229B /* SearchMovieScreen */,
			);
			path = Screens;
			sourceTree = "<group>";
		};
		638E02B8243E08360074229B /* Model */ = {
			isa = PBXGroup;
			children = (
				634BE342243E08DA0017D5FA /* SearchMovieModel.swift */,
				634BE34C243E1C080017D5FA /* Movie.swift */,
			);
			path = Model;
			sourceTree = "<group>";
		};
		638E02B9243E083B0074229B /* SearchMovieScreen */ = {
			isa = PBXGroup;
			children = (
				634BE346243E0F7D0017D5FA /* Service */,
				638E02B8243E08360074229B /* Model */,
				638E02BA243E084B0074229B /* ViewController */,
			);
			path = SearchMovieScreen;
			sourceTree = "<group>";
		};
		638E02BA243E084B0074229B /* ViewController */ = {
			isa = PBXGroup;
			children = (
				638E02A7243E01DF0074229B /* SearchMovieViewController.swift */,
			);
			path = ViewController;
			sourceTree = "<group>";
		};
/* End PBXGroup section */

/* Begin PBXNativeTarget section */
		638E029F243E01DF0074229B /* SearchTheMovie */ = {
			isa = PBXNativeTarget;
			buildConfigurationList = 638E02B4243E01E00074229B /* Build configuration list for PBXNativeTarget "SearchTheMovie" */;
			buildPhases = (
				638E029C243E01DF0074229B /* Sources */,
				638E029D243E01DF0074229B /* Frameworks */,
				638E029E243E01DF0074229B /* Resources */,
			);
			buildRules = (
			);
			dependencies = (
			);
			name = SearchTheMovie;
			productName = SearchTheMovie;
			productReference = 638E02A0243E01DF0074229B /* SearchTheMovie.app */;
			productType = "com.apple.product-type.application";
		};
/* End PBXNativeTarget section */

/* Begin PBXProject section */
		638E0298243E01DF0074229B /* Project object */ = {
			isa = PBXProject;
			attributes = {
				LastSwiftUpdateCheck = 1140;
				LastUpgradeCheck = 1140;
				ORGANIZATIONNAME = "Alex Chernokun";
				TargetAttributes = {
					638E029F243E01DF0074229B = {
						CreatedOnToolsVersion = 11.4;
					};
				};
			};
			buildConfigurationList = 638E029B243E01DF0074229B /* Build configuration list for PBXProject "SearchTheMovie" */;
			compatibilityVersion = "Xcode 9.3";
			developmentRegion = en;
			hasScannedForEncodings = 0;
			knownRegions = (
				en,
				Base,
			);
			mainGroup = 638E0297243E01DF0074229B;
			productRefGroup = 638E02A1243E01DF0074229B /* Products */;
			projectDirPath = "";
			projectRoot = "";
			targets = (
				638E029F243E01DF0074229B /* SearchTheMovie */,
			);
		};
/* End PBXProject section */

/* Begin PBXResourcesBuildPhase section */
		638E029E243E01DF0074229B /* Resources */ = {
			isa = PBXResourcesBuildPhase;
			buildActionMask = 2147483647;
			files = (
				638E02B0243E01E00074229B /* LaunchScreen.storyboard in Resources */,
				638E02AD243E01E00074229B /* Assets.xcassets in Resources */,
			);
			runOnlyForDeploymentPostprocessing = 0;
		};
/* End PBXResourcesBuildPhase section */

/* Begin PBXSourcesBuildPhase section */
		638E029C243E01DF0074229B /* Sources */ = {
			isa = PBXSourcesBuildPhase;
			buildActionMask = 2147483647;
			files = (
				634BE34D243E1C080017D5FA /* Movie.swift in Sources */,
				634BE348243E0F8C0017D5FA /* NetworkService.swift in Sources */,
				634BE343243E08DA0017D5FA /* SearchMovieModel.swift in Sources */,
				638E02A8243E01DF0074229B /* SearchMovieViewController.swift in Sources */,
				638E02A4243E01DF0074229B /* AppDelegate.swift in Sources */,
				638E02A6243E01DF0074229B /* SceneDelegate.swift in Sources */,
				634BE34B243E0FCA0017D5FA /* Constants.swift in Sources */,
			);
			runOnlyForDeploymentPostprocessing = 0;
		};
/* End PBXSourcesBuildPhase section */

/* Begin PBXVariantGroup section */
		638E02AE243E01E00074229B /* LaunchScreen.storyboard */ = {
			isa = PBXVariantGroup;
			children = (
				638E02AF243E01E00074229B /* Base */,
			);
			name = LaunchScreen.storyboard;
			sourceTree = "<group>";
		};
/* End PBXVariantGroup section */

/* Begin XCBuildConfiguration section */
		638E02B2243E01E00074229B /* Debug */ = {
			isa = XCBuildConfiguration;
			buildSettings = {
				ALWAYS_SEARCH_USER_PATHS = NO;
				CLANG_ANALYZER_NONNULL = YES;
				CLANG_ANALYZER_NUMBER_OBJECT_CONVERSION = YES_AGGRESSIVE;
				CLANG_CXX_LANGUAGE_STANDARD = "gnu++14";
				CLANG_CXX_LIBRARY = "libc++";
				CLANG_ENABLE_MODULES = YES;
				CLANG_ENABLE_OBJC_ARC = YES;
				CLANG_ENABLE_OBJC_WEAK = YES;
				CLANG_WARN_BLOCK_CAPTURE_AUTORELEASING = YES;
				CLANG_WARN_BOOL_CONVERSION = YES;
				CLANG_WARN_COMMA = YES;
				CLANG_WARN_CONSTANT_CONVERSION = YES;
				CLANG_WARN_DEPRECATED_OBJC_IMPLEMENTATIONS = YES;
				CLANG_WARN_DIRECT_OBJC_ISA_USAGE = YES_ERROR;
				CLANG_WARN_DOCUMENTATION_COMMENTS = YES;
				CLANG_WARN_EMPTY_BODY = YES;
				CLANG_WARN_ENUM_CONVERSION = YES;
				CLANG_WARN_INFINITE_RECURSION = YES;
				CLANG_WARN_INT_CONVERSION = YES;
				CLANG_WARN_NON_LITERAL_NULL_CONVERSION = YES;
				CLANG_WARN_OBJC_IMPLICIT_RETAIN_SELF = YES;
				CLANG_WARN_OBJC_LITERAL_CONVERSION = YES;
				CLANG_WARN_OBJC_ROOT_CLASS = YES_ERROR;
				CLANG_WARN_RANGE_LOOP_ANALYSIS = YES;
				CLANG_WARN_STRICT_PROTOTYPES = YES;
				CLANG_WARN_SUSPICIOUS_MOVE = YES;
				CLANG_WARN_UNGUARDED_AVAILABILITY = YES_AGGRESSIVE;
				CLANG_WARN_UNREACHABLE_CODE = YES;
				CLANG_WARN__DUPLICATE_METHOD_MATCH = YES;
				COPY_PHASE_STRIP = NO;
				DEBUG_INFORMATION_FORMAT = dwarf;
				ENABLE_STRICT_OBJC_MSGSEND = YES;
				ENABLE_TESTABILITY = YES;
				GCC_C_LANGUAGE_STANDARD = gnu11;
				GCC_DYNAMIC_NO_PIC = NO;
				GCC_NO_COMMON_BLOCKS = YES;
				GCC_OPTIMIZATION_LEVEL = 0;
				GCC_PREPROCESSOR_DEFINITIONS = (
					"DEBUG=1",
					"$(inherited)",
				);
				GCC_WARN_64_TO_32_BIT_CONVERSION = YES;
				GCC_WARN_ABOUT_RETURN_TYPE = YES_ERROR;
				GCC_WARN_UNDECLARED_SELECTOR = YES;
				GCC_WARN_UNINITIALIZED_AUTOS = YES_AGGRESSIVE;
				GCC_WARN_UNUSED_FUNCTION = YES;
				GCC_WARN_UNUSED_VARIABLE = YES;
				IPHONEOS_DEPLOYMENT_TARGET = 13.4;
				MTL_ENABLE_DEBUG_INFO = INCLUDE_SOURCE;
				MTL_FAST_MATH = YES;
				ONLY_ACTIVE_ARCH = YES;
				SDKROOT = iphoneos;
				SWIFT_ACTIVE_COMPILATION_CONDITIONS = DEBUG;
				SWIFT_OPTIMIZATION_LEVEL = "-Onone";
			};
			name = Debug;
		};
		638E02B3243E01E00074229B /* Release */ = {
			isa = XCBuildConfiguration;
			buildSettings = {
				ALWAYS_SEARCH_USER_PATHS = NO;
				CLANG_ANALYZER_NONNULL = YES;
				CLANG_ANALYZER_NUMBER_OBJECT_CONVERSION = YES_AGGRESSIVE;
				CLANG_CXX_LANGUAGE_STANDARD = "gnu++14";
				CLANG_CXX_LIBRARY = "libc++";
				CLANG_ENABLE_MODULES = YES;
				CLANG_ENABLE_OBJC_ARC = YES;
				CLANG_ENABLE_OBJC_WEAK = YES;
				CLANG_WARN_BLOCK_CAPTURE_AUTORELEASING = YES;
				CLANG_WARN_BOOL_CONVERSION = YES;
				CLANG_WARN_COMMA = YES;
				CLANG_WARN_CONSTANT_CONVERSION = YES;
				CLANG_WARN_DEPRECATED_OBJC_IMPLEMENTATIONS = YES;
				CLANG_WARN_DIRECT_OBJC_ISA_USAGE = YES_ERROR;
				CLANG_WARN_DOCUMENTATION_COMMENTS = YES;
				CLANG_WARN_EMPTY_BODY = YES;
				CLANG_WARN_ENUM_CONVERSION = YES;
				CLANG_WARN_INFINITE_RECURSION = YES;
				CLANG_WARN_INT_CONVERSION = YES;
				CLANG_WARN_NON_LITERAL_NULL_CONVERSION = YES;
				CLANG_WARN_OBJC_IMPLICIT_RETAIN_SELF = YES;
				CLANG_WARN_OBJC_LITERAL_CONVERSION = YES;
				CLANG_WARN_OBJC_ROOT_CLASS = YES_ERROR;
				CLANG_WARN_RANGE_LOOP_ANALYSIS = YES;
				CLANG_WARN_STRICT_PROTOTYPES = YES;
				CLANG_WARN_SUSPICIOUS_MOVE = YES;
				CLANG_WARN_UNGUARDED_AVAILABILITY = YES_AGGRESSIVE;
				CLANG_WARN_UNREACHABLE_CODE = YES;
				CLANG_WARN__DUPLICATE_METHOD_MATCH = YES;
				COPY_PHASE_STRIP = NO;
				DEBUG_INFORMATION_FORMAT = "dwarf-with-dsym";
				ENABLE_NS_ASSERTIONS = NO;
				ENABLE_STRICT_OBJC_MSGSEND = YES;
				GCC_C_LANGUAGE_STANDARD = gnu11;
				GCC_NO_COMMON_BLOCKS = YES;
				GCC_WARN_64_TO_32_BIT_CONVERSION = YES;
				GCC_WARN_ABOUT_RETURN_TYPE = YES_ERROR;
				GCC_WARN_UNDECLARED_SELECTOR = YES;
				GCC_WARN_UNINITIALIZED_AUTOS = YES_AGGRESSIVE;
				GCC_WARN_UNUSED_FUNCTION = YES;
				GCC_WARN_UNUSED_VARIABLE = YES;
				IPHONEOS_DEPLOYMENT_TARGET = 13.4;
				MTL_ENABLE_DEBUG_INFO = NO;
				MTL_FAST_MATH = YES;
				SDKROOT = iphoneos;
				SWIFT_COMPILATION_MODE = wholemodule;
				SWIFT_OPTIMIZATION_LEVEL = "-O";
				VALIDATE_PRODUCT = YES;
			};
			name = Release;
		};
		638E02B5243E01E00074229B /* Debug */ = {
			isa = XCBuildConfiguration;
			buildSettings = {
				ASSETCATALOG_COMPILER_APPICON_NAME = AppIcon;
				CODE_SIGN_STYLE = Automatic;
				DEVELOPMENT_TEAM = G872WZGNJZ;
				INFOPLIST_FILE = SearchTheMovie/Info.plist;
				LD_RUNPATH_SEARCH_PATHS = (
					"$(inherited)",
					"@executable_path/Frameworks",
				);
				PRODUCT_BUNDLE_IDENTIFIER = com.cherlex.SearchTheMovie;
				PRODUCT_NAME = "$(TARGET_NAME)";
				SWIFT_VERSION = 5.0;
				TARGETED_DEVICE_FAMILY = 1;
			};
			name = Debug;
		};
		638E02B6243E01E00074229B /* Release */ = {
			isa = XCBuildConfiguration;
			buildSettings = {
				ASSETCATALOG_COMPILER_APPICON_NAME = AppIcon;
				CODE_SIGN_STYLE = Automatic;
				DEVELOPMENT_TEAM = G872WZGNJZ;
				INFOPLIST_FILE = SearchTheMovie/Info.plist;
				LD_RUNPATH_SEARCH_PATHS = (
					"$(inherited)",
					"@executable_path/Frameworks",
				);
				PRODUCT_BUNDLE_IDENTIFIER = com.cherlex.SearchTheMovie;
				PRODUCT_NAME = "$(TARGET_NAME)";
				SWIFT_VERSION = 5.0;
				TARGETED_DEVICE_FAMILY = 1;
			};
			name = Release;
		};
/* End XCBuildConfiguration section */

/* Begin XCConfigurationList section */
		638E029B243E01DF0074229B /* Build configuration list for PBXProject "SearchTheMovie" */ = {
			isa = XCConfigurationList;
			buildConfigurations = (
				638E02B2243E01E00074229B /* Debug */,
				638E02B3243E01E00074229B /* Release */,
			);
			defaultConfigurationIsVisible = 0;
			defaultConfigurationName = Release;
		};
		638E02B4243E01E00074229B /* Build configuration list for PBXNativeTarget "SearchTheMovie" */ = {
			isa = XCConfigurationList;
			buildConfigurations = (
				638E02B5243E01E00074229B /* Debug */,
				638E02B6243E01E00074229B /* Release */,
			);
			defaultConfigurationIsVisible = 0;
			defaultConfigurationName = Release;
		};
/* End XCConfigurationList section */
	};
	rootObject = 638E0298243E01DF0074229B /* Project object */;
}
